
Microsoft Visual Studio Solution File, Format Version 12.00
# Visual Studio 2012
Project("{2150E333-8FDC-42A3-9474-1A3956D46DE8}") = "DotNet", "DotNet", "{93DA206A-F9B8-41A1-9A08-83E01F8E93E9}"
EndProject
Project("{FAE04EC0-301F-11D3-BF4B-00C04F79EFBC}") = "Rooibos.Library", "RooibosRC\DotNet\Rooibos.Library\Rooibos.Library.csproj", "{BBD4DDCF-771B-4454-B9B8-CB201551AFDC}"
EndProject
Project("{FAE04EC0-301F-11D3-BF4B-00C04F79EFBC}") = "Rooibos.RC.IO", "RooibosRC\DotNet\Rooibos.RC.IO\Rooibos.RC.IO.csproj", "{DC901E2A-3A83-44CB-80E1-E164975411EF}"
EndProject
Project("{FAE04EC0-301F-11D3-BF4B-00C04F79EFBC}") = "Rooibos.RC.Win.Diagnostics", "RooibosRC\DotNet\Rooibos.RC.Win.Diagnostics\Rooibos.RC.Win.Diagnostics.csproj", "{9CF53A01-BAFC-4B63-8B84-2F592DC6CBB5}"
EndProject
Project("{2150E333-8FDC-42A3-9474-1A3956D46DE8}") = "Arduino", "Arduino", "{9E772D65-80FB-400C-946D-3C4D182F19A5}"
	ProjectSection(SolutionItems) = preProject
		RooibosRC\Arduino\RCPlane\RCPlane.ino = RooibosRC\Arduino\RCPlane\RCPlane.ino
	EndProjectSection
EndProject
Project("{2150E333-8FDC-42A3-9474-1A3956D46DE8}") = "Library", "Library", "{5A67EB84-E7B6-465C-844B-7712CA87FDCF}"
	ProjectSection(SolutionItems) = preProject
		RooibosRC\Arduino\Library\Mirf.zip = RooibosRC\Arduino\Library\Mirf.zip
	EndProjectSection
EndProject
Global
	GlobalSection(SolutionConfigurationPlatforms) = preSolution
		Debug|Any CPU = Debug|Any CPU
		Debug|x86 = Debug|x86
		Release|Any CPU = Release|Any CPU
		Release|x86 = Release|x86
	EndGlobalSection
	GlobalSection(ProjectConfigurationPlatforms) = postSolution
		{9CF53A01-BAFC-4B63-8B84-2F592DC6CBB5}.Debug|Any CPU.ActiveCfg = Debug|Any CPU
		{9CF53A01-BAFC-4B63-8B84-2F592DC6CBB5}.Debug|Any CPU.Build.0 = Debug|Any CPU
		{9CF53A01-BAFC-4B63-8B84-2F592DC6CBB5}.Debug|x86.ActiveCfg = Debug|x86
		{9CF53A01-BAFC-4B63-8B84-2F592DC6CBB5}.Debug|x86.Build.0 = Debug|x86
		{9CF53A01-BAFC-4B63-8B84-2F592DC6CBB5}.Release|Any CPU.ActiveCfg = Release|Any CPU
		{9CF53A01-BAFC-4B63-8B84-2F592DC6CBB5}.Release|Any CPU.Build.0 = Release|Any CPU
		{9CF53A01-BAFC-4B63-8B84-2F592DC6CBB5}.Release|x86.ActiveCfg = Release|x86
		{9CF53A01-BAFC-4B63-8B84-2F592DC6CBB5}.Release|x86.Build.0 = Release|x86
		{BBD4DDCF-771B-4454-B9B8-CB201551AFDC}.Debug|Any CPU.ActiveCfg = Debug|Any CPU
		{BBD4DDCF-771B-4454-B9B8-CB201551AFDC}.Debug|Any CPU.Build.0 = Debug|Any CPU
		{BBD4DDCF-771B-4454-B9B8-CB201551AFDC}.Debug|x86.ActiveCfg = Debug|x86
		{BBD4DDCF-771B-4454-B9B8-CB201551AFDC}.Debug|x86.Build.0 = Debug|x86
		{BBD4DDCF-771B-4454-B9B8-CB201551AFDC}.Release|Any CPU.ActiveCfg = Release|Any CPU
		{BBD4DDCF-771B-4454-B9B8-CB201551AFDC}.Release|Any CPU.Build.0 = Release|Any CPU
		{BBD4DDCF-771B-4454-B9B8-CB201551AFDC}.Release|x86.ActiveCfg = Release|x86
		{BBD4DDCF-771B-4454-B9B8-CB201551AFDC}.Release|x86.Build.0 = Release|x86
		{DC901E2A-3A83-44CB-80E1-E164975411EF}.Debug|Any CPU.ActiveCfg = Debug|Any CPU
		{DC901E2A-3A83-44CB-80E1-E164975411EF}.Debug|Any CPU.Build.0 = Debug|Any CPU
		{DC901E2A-3A83-44CB-80E1-E164975411EF}.Debug|x86.ActiveCfg = Debug|x86
		{DC901E2A-3A83-44CB-80E1-E164975411EF}.Debug|x86.Build.0 = Debug|x86
		{DC901E2A-3A83-44CB-80E1-E164975411EF}.Release|Any CPU.ActiveCfg = Release|Any CPU
		{DC901E2A-3A83-44CB-80E1-E164975411EF}.Release|Any CPU.Build.0 = Release|Any CPU
		{DC901E2A-3A83-44CB-80E1-E164975411EF}.Release|x86.ActiveCfg = Release|x86
		{DC901E2A-3A83-44CB-80E1-E164975411EF}.Release|x86.Build.0 = Release|x86
	EndGlobalSection
	GlobalSection(NestedProjects) = preSolution
		{BBD4DDCF-771B-4454-B9B8-CB201551AFDC} = {93DA206A-F9B8-41A1-9A08-83E01F8E93E9}
		{DC901E2A-3A83-44CB-80E1-E164975411EF} = {93DA206A-F9B8-41A1-9A08-83E01F8E93E9}
		{9CF53A01-BAFC-4B63-8B84-2F592DC6CBB5} = {93DA206A-F9B8-41A1-9A08-83E01F8E93E9}
		{5A67EB84-E7B6-465C-844B-7712CA87FDCF} = {9E772D65-80FB-400C-946D-3C4D182F19A5}
	EndGlobalSection
	GlobalSection(MonoDevelopProperties) = preSolution
		StartupItem = RooibosRC\DotNet\Rooibos.RC.Win.Diagnostics\Rooibos.RC.Win.Diagnostics.csproj
	EndGlobalSection
	GlobalSection(SolutionProperties) = preSolution
		HideSolutionNode = FALSE
	EndGlobalSection
EndGlobal
